
Microsoft Visual Studio Solution File, Format Version 12.00
# Visual Studio Version 16
VisualStudioVersion = 16.0.29123.89
MinimumVisualStudioVersion = 10.0.40219.1
Project("{FAE04EC0-301F-11D3-BF4B-00C04F79EFBC}") = "TimePoor.Api", "TimePoor.Api.csproj", "{832C4FD5-9331-49DB-B2D0-3F6EDBB31E69}"
EndProject
Global
	GlobalSection(SolutionConfigurationPlatforms) = preSolution
		Debug|Any CPU = Debug|Any CPU
		Release|Any CPU = Release|Any CPU
	EndGlobalSection
	GlobalSection(ProjectConfigurationPlatforms) = postSolution
		{832C4FD5-9331-49DB-B2D0-3F6EDBB31E69}.Debug|Any CPU.ActiveCfg = Debug|Any CPU
		{832C4FD5-9331-49DB-B2D0-3F6EDBB31E69}.Debug|Any CPU.Build.0 = Debug|Any CPU
		{832C4FD5-9331-49DB-B2D0-3F6EDBB31E69}.Release|Any CPU.ActiveCfg = Release|Any CPU
		{832C4FD5-9331-49DB-B2D0-3F6EDBB31E69}.Release|Any CPU.Build.0 = Release|Any CPU
	EndGlobalSection
	GlobalSection(SolutionProperties) = preSolution
		HideSolutionNode = FALSE
	EndGlobalSection
	GlobalSection(ExtensibilityGlobals) = postSolution
		SolutionGuid = {D6001C40-F620-4BBF-A577-B5F4CA41D7CC}
	EndGlobalSection
EndGlobal
